// !$*UTF8*$!
{
	archiveVersion = 1;
	classes = {
	};
	objectVersion = 46;
	objects = {

/* Begin PBXBuildFile section */
		3AA9499F163A0EE400CF7151 /* UIKit.framework in Frameworks */ = {isa = PBXBuildFile; fileRef = 3AA9499E163A0EE400CF7151 /* UIKit.framework */; };
		3AA949A1163A0EE400CF7151 /* Foundation.framework in Frameworks */ = {isa = PBXBuildFile; fileRef = 3AA949A0163A0EE400CF7151 /* Foundation.framework */; };
		3AA949A3163A0EE400CF7151 /* CoreGraphics.framework in Frameworks */ = {isa = PBXBuildFile; fileRef = 3AA949A2163A0EE400CF7151 /* CoreGraphics.framework */; };
		3AA949A9163A0EE400CF7151 /* InfoPlist.strings in Resources */ = {isa = PBXBuildFile; fileRef = 3AA949A7163A0EE400CF7151 /* InfoPlist.strings */; };
		3AA949AB163A0EE400CF7151 /* main.m in Sources */ = {isa = PBXBuildFile; fileRef = 3AA949AA163A0EE400CF7151 /* main.m */; };
		3AA949AF163A0EE400CF7151 /* AppDelegate.m in Sources */ = {isa = PBXBuildFile; fileRef = 3AA949AE163A0EE400CF7151 /* AppDelegate.m */; };
		3AA949B2163A0EE400CF7151 /* ViewController.m in Sources */ = {isa = PBXBuildFile; fileRef = 3AA949B1163A0EE400CF7151 /* ViewController.m */; };
		3AA949B5163A0EE400CF7151 /* ViewController.xib in Resources */ = {isa = PBXBuildFile; fileRef = 3AA949B3163A0EE400CF7151 /* ViewController.xib */; };
		3AA949BD163A103400CF7151 /* CostumeFactory.m in Sources */ = {isa = PBXBuildFile; fileRef = 3AA949BC163A103400CF7151 /* CostumeFactory.m */; };
		3AA949C0163A105500CF7151 /* WitchCostume.m in Sources */ = {isa = PBXBuildFile; fileRef = 3AA949BF163A105500CF7151 /* WitchCostume.m */; };
		3AA949C3163A106900CF7151 /* ZombieCostume.m in Sources */ = {isa = PBXBuildFile; fileRef = 3AA949C2163A106900CF7151 /* ZombieCostume.m */; };
		3AA949C6163A107A00CF7151 /* VampireCostume.m in Sources */ = {isa = PBXBuildFile; fileRef = 3AA949C5163A107A00CF7151 /* VampireCostume.m */; };
/* End PBXBuildFile section */

/* Begin PBXFileReference section */
		3AA9499A163A0EE400CF7151 /* Week1AOC2.app */ = {isa = PBXFileReference; explicitFileType = wrapper.application; includeInIndex = 0; path = Week1AOC2.app; sourceTree = BUILT_PRODUCTS_DIR; };
		3AA9499E163A0EE400CF7151 /* UIKit.framework */ = {isa = PBXFileReference; lastKnownFileType = wrapper.framework; name = UIKit.framework; path = System/Library/Frameworks/UIKit.framework; sourceTree = SDKROOT; };
		3AA949A0163A0EE400CF7151 /* Foundation.framework */ = {isa = PBXFileReference; lastKnownFileType = wrapper.framework; name = Foundation.framework; path = System/Library/Frameworks/Foundation.framework; sourceTree = SDKROOT; };
		3AA949A2163A0EE400CF7151 /* CoreGraphics.framework */ = {isa = PBXFileReference; lastKnownFileType = wrapper.framework; name = CoreGraphics.framework; path = System/Library/Frameworks/CoreGraphics.framework; sourceTree = SDKROOT; };
		3AA949A6163A0EE400CF7151 /* Week1AOC2-Info.plist */ = {isa = PBXFileReference; lastKnownFileType = text.plist.xml; path = "Week1AOC2-Info.plist"; sourceTree = "<group>"; };
		3AA949A8163A0EE400CF7151 /* en */ = {isa = PBXFileReference; lastKnownFileType = text.plist.strings; name = en; path = en.lproj/InfoPlist.strings; sourceTree = "<group>"; };
		3AA949AA163A0EE400CF7151 /* main.m */ = {isa = PBXFileReference; lastKnownFileType = sourcecode.c.objc; path = main.m; sourceTree = "<group>"; };
		3AA949AC163A0EE400CF7151 /* Week1AOC2-Prefix.pch */ = {isa = PBXFileReference; lastKnownFileType = sourcecode.c.h; path = "Week1AOC2-Prefix.pch"; sourceTree = "<group>"; };
		3AA949AD163A0EE400CF7151 /* AppDelegate.h */ = {isa = PBXFileReference; lastKnownFileType = sourcecode.c.h; path = AppDelegate.h; sourceTree = "<group>"; };
		3AA949AE163A0EE400CF7151 /* AppDelegate.m */ = {isa = PBXFileReference; lastKnownFileType = sourcecode.c.objc; path = AppDelegate.m; sourceTree = "<group>"; };
		3AA949B0163A0EE400CF7151 /* ViewController.h */ = {isa = PBXFileReference; lastKnownFileType = sourcecode.c.h; path = ViewController.h; sourceTree = "<group>"; };
		3AA949B1163A0EE400CF7151 /* ViewController.m */ = {isa = PBXFileReference; lastKnownFileType = sourcecode.c.objc; path = ViewController.m; sourceTree = "<group>"; };
		3AA949B4163A0EE400CF7151 /* en */ = {isa = PBXFileReference; lastKnownFileType = file.xib; name = en; path = en.lproj/ViewController.xib; sourceTree = "<group>"; };
		3AA949BB163A103400CF7151 /* CostumeFactory.h */ = {isa = PBXFileReference; fileEncoding = 4; lastKnownFileType = sourcecode.c.h; path = CostumeFactory.h; sourceTree = "<group>"; };
		3AA949BC163A103400CF7151 /* CostumeFactory.m */ = {isa = PBXFileReference; fileEncoding = 4; lastKnownFileType = sourcecode.c.objc; path = CostumeFactory.m; sourceTree = "<group>"; };
		3AA949BE163A105500CF7151 /* WitchCostume.h */ = {isa = PBXFileReference; fileEncoding = 4; lastKnownFileType = sourcecode.c.h; path = WitchCostume.h; sourceTree = "<group>"; };
		3AA949BF163A105500CF7151 /* WitchCostume.m */ = {isa = PBXFileReference; fileEncoding = 4; lastKnownFileType = sourcecode.c.objc; path = WitchCostume.m; sourceTree = "<group>"; };
		3AA949C1163A106900CF7151 /* ZombieCostume.h */ = {isa = PBXFileReference; fileEncoding = 4; lastKnownFileType = sourcecode.c.h; path = ZombieCostume.h; sourceTree = "<group>"; };
		3AA949C2163A106900CF7151 /* ZombieCostume.m */ = {isa = PBXFileReference; fileEncoding = 4; lastKnownFileType = sourcecode.c.objc; path = ZombieCostume.m; sourceTree = "<group>"; };
		3AA949C4163A107A00CF7151 /* VampireCostume.h */ = {isa = PBXFileReference; fileEncoding = 4; lastKnownFileType = sourcecode.c.h; path = VampireCostume.h; sourceTree = "<group>"; };
		3AA949C5163A107A00CF7151 /* VampireCostume.m */ = {isa = PBXFileReference; fileEncoding = 4; lastKnownFileType = sourcecode.c.objc; path = VampireCostume.m; sourceTree = "<group>"; };
/* End PBXFileReference section */

/* Begin PBXFrameworksBuildPhase section */
		3AA94997163A0EE400CF7151 /* Frameworks */ = {
			isa = PBXFrameworksBuildPhase;
			buildActionMask = 2147483647;
			files = (
				3AA9499F163A0EE400CF7151 /* UIKit.framework in Frameworks */,
				3AA949A1163A0EE400CF7151 /* Foundation.framework in Frameworks */,
				3AA949A3163A0EE400CF7151 /* CoreGraphics.framework in Frameworks */,
			);
			runOnlyForDeploymentPostprocessing = 0;
		};
/* End PBXFrameworksBuildPhase section */

/* Begin PBXGroup section */
		3AA9498F163A0EE400CF7151 = {
			isa = PBXGroup;
			children = (
				3AA949A4163A0EE400CF7151 /* Week1AOC2 */,
				3AA9499D163A0EE400CF7151 /* Frameworks */,
				3AA9499B163A0EE400CF7151 /* Products */,
			);
			sourceTree = "<group>";
		};
		3AA9499B163A0EE400CF7151 /* Products */ = {
			isa = PBXGroup;
			children = (
				3AA9499A163A0EE400CF7151 /* Week1AOC2.app */,
			);
			name = Products;
			sourceTree = "<group>";
		};
		3AA9499D163A0EE400CF7151 /* Frameworks */ = {
			isa = PBXGroup;
			children = (
				3AA9499E163A0EE400CF7151 /* UIKit.framework */,
				3AA949A0163A0EE400CF7151 /* Foundation.framework */,
				3AA949A2163A0EE400CF7151 /* CoreGraphics.framework */,
			);
			name = Frameworks;
			sourceTree = "<group>";
		};
		3AA949A4163A0EE400CF7151 /* Week1AOC2 */ = {
			isa = PBXGroup;
			children = (
				3AA949AD163A0EE400CF7151 /* AppDelegate.h */,
				3AA949C4163A107A00CF7151 /* VampireCostume.h */,
				3AA949C5163A107A00CF7151 /* VampireCostume.m */,
				3AA949AE163A0EE400CF7151 /* AppDelegate.m */,
				3AA949B0163A0EE400CF7151 /* ViewController.h */,
				3AA949B1163A0EE400CF7151 /* ViewController.m */,
				3AA949B3163A0EE400CF7151 /* ViewController.xib */,
				3AA949A5163A0EE400CF7151 /* Supporting Files */,
				3AA949BB163A103400CF7151 /* CostumeFactory.h */,
				3AA949BC163A103400CF7151 /* CostumeFactory.m */,
				3AA949BE163A105500CF7151 /* WitchCostume.h */,
				3AA949BF163A105500CF7151 /* WitchCostume.m */,
				3AA949C1163A106900CF7151 /* ZombieCostume.h */,
				3AA949C2163A106900CF7151 /* ZombieCostume.m */,
			);
			path = Week1AOC2;
			sourceTree = "<group>";
		};
		3AA949A5163A0EE400CF7151 /* Supporting Files */ = {
			isa = PBXGroup;
			children = (
				3AA949A6163A0EE400CF7151 /* Week1AOC2-Info.plist */,
				3AA949A7163A0EE400CF7151 /* InfoPlist.strings */,
				3AA949AA163A0EE400CF7151 /* main.m */,
				3AA949AC163A0EE400CF7151 /* Week1AOC2-Prefix.pch */,
			);
			name = "Supporting Files";
			sourceTree = "<group>";
		};
/* End PBXGroup section */

/* Begin PBXNativeTarget section */
		3AA94999163A0EE400CF7151 /* Week1AOC2 */ = {
			isa = PBXNativeTarget;
			buildConfigurationList = 3AA949B8163A0EE400CF7151 /* Build configuration list for PBXNativeTarget "Week1AOC2" */;
			buildPhases = (
				3AA94996163A0EE400CF7151 /* Sources */,
				3AA94997163A0EE400CF7151 /* Frameworks */,
				3AA94998163A0EE400CF7151 /* Resources */,
			);
			buildRules = (
			);
			dependencies = (
			);
			name = Week1AOC2;
			productName = Week1AOC2;
			productReference = 3AA9499A163A0EE400CF7151 /* Week1AOC2.app */;
			productType = "com.apple.product-type.application";
		};
/* End PBXNativeTarget section */

/* Begin PBXProject section */
		3AA94991163A0EE400CF7151 /* Project object */ = {
			isa = PBXProject;
			attributes = {
				LastUpgradeCheck = 0440;
				ORGANIZATIONNAME = "Janis Jae";
			};
			buildConfigurationList = 3AA94994163A0EE400CF7151 /* Build configuration list for PBXProject "Week1AOC2" */;
			compatibilityVersion = "Xcode 3.2";
			developmentRegion = English;
			hasScannedForEncodings = 0;
			knownRegions = (
				en,
			);
			mainGroup = 3AA9498F163A0EE400CF7151;
			productRefGroup = 3AA9499B163A0EE400CF7151 /* Products */;
			projectDirPath = "";
			projectRoot = "";
			targets = (
				3AA94999163A0EE400CF7151 /* Week1AOC2 */,
			);
		};
/* End PBXProject section */

/* Begin PBXResourcesBuildPhase section */
		3AA94998163A0EE400CF7151 /* Resources */ = {
			isa = PBXResourcesBuildPhase;
			buildActionMask = 2147483647;
			files = (
				3AA949A9163A0EE400CF7151 /* InfoPlist.strings in Resources */,
				3AA949B5163A0EE400CF7151 /* ViewController.xib in Resources */,
			);
			runOnlyForDeploymentPostprocessing = 0;
		};
/* End PBXResourcesBuildPhase section */

/* Begin PBXSourcesBuildPhase section */
		3AA94996163A0EE400CF7151 /* Sources */ = {
			isa = PBXSourcesBuildPhase;
			buildActionMask = 2147483647;
			files = (
				3AA949AB163A0EE400CF7151 /* main.m in Sources */,
				3AA949AF163A0EE400CF7151 /* AppDelegate.m in Sources */,
				3AA949B2163A0EE400CF7151 /* ViewController.m in Sources */,
				3AA949BD163A103400CF7151 /* CostumeFactory.m in Sources */,
				3AA949C0163A105500CF7151 /* WitchCostume.m in Sources */,
				3AA949C3163A106900CF7151 /* ZombieCostume.m in Sources */,
				3AA949C6163A107A00CF7151 /* VampireCostume.m in Sources */,
			);
			runOnlyForDeploymentPostprocessing = 0;
		};
/* End PBXSourcesBuildPhase section */

/* Begin PBXVariantGroup section */
		3AA949A7163A0EE400CF7151 /* InfoPlist.strings */ = {
			isa = PBXVariantGroup;
			children = (
				3AA949A8163A0EE400CF7151 /* en */,
			);
			name = InfoPlist.strings;
			sourceTree = "<group>";
		};
		3AA949B3163A0EE400CF7151 /* ViewController.xib */ = {
			isa = PBXVariantGroup;
			children = (
				3AA949B4163A0EE400CF7151 /* en */,
			);
			name = ViewController.xib;
			sourceTree = "<group>";
		};
/* End PBXVariantGroup section */

/* Begin XCBuildConfiguration section */
		3AA949B6163A0EE400CF7151 /* Debug */ = {
			isa = XCBuildConfiguration;
			buildSettings = {
				ALWAYS_SEARCH_USER_PATHS = NO;
				ARCHS = "$(ARCHS_STANDARD_32_BIT)";
				CLANG_CXX_LANGUAGE_STANDARD = "gnu++0x";
				CLANG_WARN__DUPLICATE_METHOD_MATCH = YES;
				"CODE_SIGN_IDENTITY[sdk=iphoneos*]" = "iPhone Developer";
				COPY_PHASE_STRIP = NO;
				GCC_C_LANGUAGE_STANDARD = gnu99;
				GCC_DYNAMIC_NO_PIC = NO;
				GCC_OPTIMIZATION_LEVEL = 0;
				GCC_PREPROCESSOR_DEFINITIONS = (
					"DEBUG=1",
					"$(inherited)",
				);
				GCC_SYMBOLS_PRIVATE_EXTERN = NO;
				GCC_VERSION = com.apple.compilers.llvm.clang.1_0;
				GCC_WARN_ABOUT_RETURN_TYPE = YES;
				GCC_WARN_UNINITIALIZED_AUTOS = YES;
				GCC_WARN_UNUSED_VARIABLE = YES;
				IPHONEOS_DEPLOYMENT_TARGET = 5.1;
				SDKROOT = iphoneos;
			};
			name = Debug;
		};
		3AA949B7163A0EE400CF7151 /* Release */ = {
			isa = XCBuildConfiguration;
			buildSettings = {
				ALWAYS_SEARCH_USER_PATHS = NO;
				ARCHS = "$(ARCHS_STANDARD_32_BIT)";
				CLANG_CXX_LANGUAGE_STANDARD = "gnu++0x";
				CLANG_WARN__DUPLICATE_METHOD_MATCH = YES;
				"CODE_SIGN_IDENTITY[sdk=iphoneos*]" = "iPhone Developer";
				COPY_PHASE_STRIP = YES;
				GCC_C_LANGUAGE_STANDARD = gnu99;
				GCC_VERSION = com.apple.compilers.llvm.clang.1_0;
				GCC_WARN_ABOUT_RETURN_TYPE = YES;
				GCC_WARN_UNINITIALIZED_AUTOS = YES;
				GCC_WARN_UNUSED_VARIABLE = YES;
				IPHONEOS_DEPLOYMENT_TARGET = 5.1;
				OTHER_CFLAGS = "-DNS_BLOCK_ASSERTIONS=1";
				SDKROOT = iphoneos;
				VALIDATE_PRODUCT = YES;
			};
			name = Release;
		};
		3AA949B9163A0EE400CF7151 /* Debug */ = {
			isa = XCBuildConfiguration;
			buildSettings = {
				GCC_PRECOMPILE_PREFIX_HEADER = YES;
				GCC_PREFIX_HEADER = "Week1AOC2/Week1AOC2-Prefix.pch";
				INFOPLIST_FILE = "Week1AOC2/Week1AOC2-Info.plist";
				PRODUCT_NAME = "$(TARGET_NAME)";
				WRAPPER_EXTENSION = app;
			};
			name = Debug;
		};
		3AA949BA163A0EE400CF7151 /* Release */ = {
			isa = XCBuildConfiguration;
			buildSettings = {
				GCC_PRECOMPILE_PREFIX_HEADER = YES;
				GCC_PREFIX_HEADER = "Week1AOC2/Week1AOC2-Prefix.pch";
				INFOPLIST_FILE = "Week1AOC2/Week1AOC2-Info.plist";
				PRODUCT_NAME = "$(TARGET_NAME)";
				WRAPPER_EXTENSION = app;
			};
			name = Release;
		};
/* End XCBuildConfiguration section */

/* Begin XCConfigurationList section */
		3AA94994163A0EE400CF7151 /* Build configuration list for PBXProject "Week1AOC2" */ = {
			isa = XCConfigurationList;
			buildConfigurations = (
				3AA949B6163A0EE400CF7151 /* Debug */,
				3AA949B7163A0EE400CF7151 /* Release */,
			);
			defaultConfigurationIsVisible = 0;
			defaultConfigurationName = Release;
		};
		3AA949B8163A0EE400CF7151 /* Build configuration list for PBXNativeTarget "Week1AOC2" */ = {
			isa = XCConfigurationList;
			buildConfigurations = (
				3AA949B9163A0EE400CF7151 /* Debug */,
				3AA949BA163A0EE400CF7151 /* Release */,
			);
			defaultConfigurationIsVisible = 0;
		};
/* End XCConfigurationList section */
	};
	rootObject = 3AA94991163A0EE400CF7151 /* Project object */;
}
